// !$*UTF8*$!
{
	archiveVersion = 1;
	classes = {
	};
	objectVersion = 51;
	objects = {

/* Begin PBXBuildFile section */
		DB0A9E3322F56951007D0C92 /* Profile.storyboard in Resources */ = {isa = PBXBuildFile; fileRef = DB0A9E3222F56951007D0C92 /* Profile.storyboard */; };
		DB0AF99E22E9BD81000FABD5 /* ProfileViewController.swift in Sources */ = {isa = PBXBuildFile; fileRef = DB0AF99D22E9BD81000FABD5 /* ProfileViewController.swift */; };
		DB15559C23250C8E00453414 /* ClientUseCase.swift in Sources */ = {isa = PBXBuildFile; fileRef = DB15559B23250C8E00453414 /* ClientUseCase.swift */; };
		DB15559E2325111D00453414 /* Client.swift in Sources */ = {isa = PBXBuildFile; fileRef = DB15559D2325111D00453414 /* Client.swift */; };
		DB1F8536232845C50080E348 /* ClientPostTableViewController.swift in Sources */ = {isa = PBXBuildFile; fileRef = DB1F8535232845C50080E348 /* ClientPostTableViewController.swift */; };
		DB1F85382328487B0080E348 /* ClientPost.swift in Sources */ = {isa = PBXBuildFile; fileRef = DB1F85372328487B0080E348 /* ClientPost.swift */; };
		DB1F853A2328494D0080E348 /* ClientPostUseCase.swift in Sources */ = {isa = PBXBuildFile; fileRef = DB1F85392328494D0080E348 /* ClientPostUseCase.swift */; };
		DB1F853C23284B610080E348 /* ClientPostCollection.swift in Sources */ = {isa = PBXBuildFile; fileRef = DB1F853B23284B610080E348 /* ClientPostCollection.swift */; };
		DB1F853E23284EDB0080E348 /* ClientPostViewController.swift in Sources */ = {isa = PBXBuildFile; fileRef = DB1F853D23284EDB0080E348 /* ClientPostViewController.swift */; };
		DB1FAFA1232A7C480052F433 /* MainTimelineTableViewController.swift in Sources */ = {isa = PBXBuildFile; fileRef = DB1FAFA0232A7C480052F433 /* MainTimelineTableViewController.swift */; };
		DB1FAFA3232A84270052F433 /* TimeLIneDetailtViewController.swift in Sources */ = {isa = PBXBuildFile; fileRef = DB1FAFA2232A84270052F433 /* TimeLIneDetailtViewController.swift */; };
		DB1FAFA5232A89270052F433 /* Post.swift in Sources */ = {isa = PBXBuildFile; fileRef = DB1FAFA4232A89270052F433 /* Post.swift */; };
		DB1FAFA7232A89900052F433 /* PostUseCase.swift in Sources */ = {isa = PBXBuildFile; fileRef = DB1FAFA6232A89900052F433 /* PostUseCase.swift */; };
		DB1FAFAB232A8D710052F433 /* PostCollection.swift in Sources */ = {isa = PBXBuildFile; fileRef = DB1FAFAA232A8D710052F433 /* PostCollection.swift */; };
		DB20702522EB128C00A138E0 /* AlertViewController.swift in Sources */ = {isa = PBXBuildFile; fileRef = DB20702422EB128C00A138E0 /* AlertViewController.swift */; };
		DB3E9A7F22F524630058B08E /* Main.storyboard in Resources */ = {isa = PBXBuildFile; fileRef = DB3E9A7E22F524630058B08E /* Main.storyboard */; };
		DB64F38022E89DDE00049015 /* AppDelegate.swift in Sources */ = {isa = PBXBuildFile; fileRef = DB64F37F22E89DDE00049015 /* AppDelegate.swift */; };
		DB64F38722E89DE100049015 /* Assets.xcassets in Resources */ = {isa = PBXBuildFile; fileRef = DB64F38622E89DE100049015 /* Assets.xcassets */; };
		DB64F38A22E89DE100049015 /* LaunchScreen.storyboard in Resources */ = {isa = PBXBuildFile; fileRef = DB64F38822E89DE100049015 /* LaunchScreen.storyboard */; };
		DB64F39622E8A3F500049015 /* GoogleService-Info.plist in Resources */ = {isa = PBXBuildFile; fileRef = DB64F39522E8A3F500049015 /* GoogleService-Info.plist */; };
		DB64F39822E8AF7900049015 /* Login.storyboard in Resources */ = {isa = PBXBuildFile; fileRef = DB64F39722E8AF7900049015 /* Login.storyboard */; };
		DB6D2CCC22F45FBC006901F0 /* Profile.swift in Sources */ = {isa = PBXBuildFile; fileRef = DB6D2CCB22F45FBC006901F0 /* Profile.swift */; };
		DB6D2CCE22F46166006901F0 /* ProfileUseCase.swift in Sources */ = {isa = PBXBuildFile; fileRef = DB6D2CCD22F46166006901F0 /* ProfileUseCase.swift */; };
		DB751CF7232121DC00B1914E /* MainViewController.swift in Sources */ = {isa = PBXBuildFile; fileRef = DB751CF6232121DC00B1914E /* MainViewController.swift */; };
		DBC72DD52327F2E6007BB4CC /* TextFieldMove+Keyboard.swift in Sources */ = {isa = PBXBuildFile; fileRef = DBC72DD42327F2E6007BB4CC /* TextFieldMove+Keyboard.swift */; };
		DBC948A423235FAA005CE048 /* ClientMain.storyboard in Resources */ = {isa = PBXBuildFile; fileRef = DBC948A323235FAA005CE048 /* ClientMain.storyboard */; };
		DBC948A6232367F3005CE048 /* ClientProfile.storyboard in Resources */ = {isa = PBXBuildFile; fileRef = DBC948A5232367F3005CE048 /* ClientProfile.storyboard */; };
		DBC948AA232369AD005CE048 /* ClientProfileViewController.swift in Sources */ = {isa = PBXBuildFile; fileRef = DBC948A9232369AD005CE048 /* ClientProfileViewController.swift */; };
		DBD07DE3232A7147007FB318 /* Images.xcassets in Resources */ = {isa = PBXBuildFile; fileRef = DBD07DE2232A7147007FB318 /* Images.xcassets */; };
		DBF62E7C2325303300DC6E65 /* ClientCollection.swift in Sources */ = {isa = PBXBuildFile; fileRef = DBF62E7B2325303300DC6E65 /* ClientCollection.swift */; };
		DBF62E7E2325377800DC6E65 /* ClientDetailViewController.swift in Sources */ = {isa = PBXBuildFile; fileRef = DBF62E7D2325377800DC6E65 /* ClientDetailViewController.swift */; };
		DBF63F5C232338F200B5305A /* ChatViewController.swift in Sources */ = {isa = PBXBuildFile; fileRef = DBF63F5B232338F200B5305A /* ChatViewController.swift */; };
		DBF63F5E2323415200B5305A /* MockMessage.swift in Sources */ = {isa = PBXBuildFile; fileRef = DBF63F5D2323415200B5305A /* MockMessage.swift */; };
		DBFB2EEB22EBB4C70017C694 /* Login.swift in Sources */ = {isa = PBXBuildFile; fileRef = DBFB2EEA22EBB4C70017C694 /* Login.swift */; };
		DBFC07222324936C0026A3A0 /* ClientProfile.swift in Sources */ = {isa = PBXBuildFile; fileRef = DBFC07212324936C0026A3A0 /* ClientProfile.swift */; };
		DBFC0724232494470026A3A0 /* ClientProfileUseCase.swift in Sources */ = {isa = PBXBuildFile; fileRef = DBFC0723232494470026A3A0 /* ClientProfileUseCase.swift */; };
		DBFC07282324A8B90026A3A0 /* MainClientListTableViewController.swift in Sources */ = {isa = PBXBuildFile; fileRef = DBFC07272324A8B90026A3A0 /* MainClientListTableViewController.swift */; };
		DBFC072A2324AC2C0026A3A0 /* UIImageViewController.swift in Sources */ = {isa = PBXBuildFile; fileRef = DBFC07292324AC2C0026A3A0 /* UIImageViewController.swift */; };
		DBFD3E0823227A1E0072B4E8 /* MainTableViewController.swift in Sources */ = {isa = PBXBuildFile; fileRef = DBFD3E0723227A1E0072B4E8 /* MainTableViewController.swift */; };
		DBFD3E0A23227FED0072B4E8 /* Shop.swift in Sources */ = {isa = PBXBuildFile; fileRef = DBFD3E0923227FED0072B4E8 /* Shop.swift */; };
		DBFD3E0C2322882F0072B4E8 /* ShopSearchViewController.swift in Sources */ = {isa = PBXBuildFile; fileRef = DBFD3E0B2322882F0072B4E8 /* ShopSearchViewController.swift */; };
		DBFD3E0E23228A9E0072B4E8 /* ShopCollection.swift in Sources */ = {isa = PBXBuildFile; fileRef = DBFD3E0D23228A9E0072B4E8 /* ShopCollection.swift */; };
		DBFD3E1023228B390072B4E8 /* ShopUseCase.swift in Sources */ = {isa = PBXBuildFile; fileRef = DBFD3E0F23228B390072B4E8 /* ShopUseCase.swift */; };
		DBFDB8AF22E9157C009AE68A /* LoginViewController.swift in Sources */ = {isa = PBXBuildFile; fileRef = DBFDB8AE22E9157C009AE68A /* LoginViewController.swift */; };
		E79C39BBE3D664C5DB67BCB6 /* Pods_event.framework in Frameworks */ = {isa = PBXBuildFile; fileRef = 3F5F650445527F761DBC5A73 /* Pods_event.framework */; };
/* End PBXBuildFile section */

/* Begin PBXFileReference section */
		3F5F650445527F761DBC5A73 /* Pods_event.framework */ = {isa = PBXFileReference; explicitFileType = wrapper.framework; includeInIndex = 0; path = Pods_event.framework; sourceTree = BUILT_PRODUCTS_DIR; };
		DB0A9E3222F56951007D0C92 /* Profile.storyboard */ = {isa = PBXFileReference; lastKnownFileType = file.storyboard; path = Profile.storyboard; sourceTree = "<group>"; };
		DB0AF99D22E9BD81000FABD5 /* ProfileViewController.swift */ = {isa = PBXFileReference; lastKnownFileType = sourcecode.swift; path = ProfileViewController.swift; sourceTree = "<group>"; };
		DB15559B23250C8E00453414 /* ClientUseCase.swift */ = {isa = PBXFileReference; lastKnownFileType = sourcecode.swift; path = ClientUseCase.swift; sourceTree = "<group>"; };
		DB15559D2325111D00453414 /* Client.swift */ = {isa = PBXFileReference; lastKnownFileType = sourcecode.swift; path = Client.swift; sourceTree = "<group>"; };
		DB1F8535232845C50080E348 /* ClientPostTableViewController.swift */ = {isa = PBXFileReference; lastKnownFileType = sourcecode.swift; path = ClientPostTableViewController.swift; sourceTree = "<group>"; };
		DB1F85372328487B0080E348 /* ClientPost.swift */ = {isa = PBXFileReference; lastKnownFileType = sourcecode.swift; path = ClientPost.swift; sourceTree = "<group>"; };
		DB1F85392328494D0080E348 /* ClientPostUseCase.swift */ = {isa = PBXFileReference; lastKnownFileType = sourcecode.swift; path = ClientPostUseCase.swift; sourceTree = "<group>"; };
		DB1F853B23284B610080E348 /* ClientPostCollection.swift */ = {isa = PBXFileReference; lastKnownFileType = sourcecode.swift; path = ClientPostCollection.swift; sourceTree = "<group>"; };
		DB1F853D23284EDB0080E348 /* ClientPostViewController.swift */ = {isa = PBXFileReference; lastKnownFileType = sourcecode.swift; path = ClientPostViewController.swift; sourceTree = "<group>"; };
		DB1FAFA0232A7C480052F433 /* MainTimelineTableViewController.swift */ = {isa = PBXFileReference; lastKnownFileType = sourcecode.swift; path = MainTimelineTableViewController.swift; sourceTree = "<group>"; };
		DB1FAFA2232A84270052F433 /* TimeLIneDetailtViewController.swift */ = {isa = PBXFileReference; lastKnownFileType = sourcecode.swift; path = TimeLIneDetailtViewController.swift; sourceTree = "<group>"; };
		DB1FAFA4232A89270052F433 /* Post.swift */ = {isa = PBXFileReference; lastKnownFileType = sourcecode.swift; path = Post.swift; sourceTree = "<group>"; };
		DB1FAFA6232A89900052F433 /* PostUseCase.swift */ = {isa = PBXFileReference; lastKnownFileType = sourcecode.swift; path = PostUseCase.swift; sourceTree = "<group>"; };
		DB1FAFAA232A8D710052F433 /* PostCollection.swift */ = {isa = PBXFileReference; lastKnownFileType = sourcecode.swift; path = PostCollection.swift; sourceTree = "<group>"; };
		DB20702422EB128C00A138E0 /* AlertViewController.swift */ = {isa = PBXFileReference; lastKnownFileType = sourcecode.swift; path = AlertViewController.swift; sourceTree = "<group>"; };
		DB3D2EC722EB5806007C7DC9 /* event.entitlements */ = {isa = PBXFileReference; lastKnownFileType = text.plist.entitlements; path = event.entitlements; sourceTree = "<group>"; };
		DB3E9A7E22F524630058B08E /* Main.storyboard */ = {isa = PBXFileReference; lastKnownFileType = file.storyboard; path = Main.storyboard; sourceTree = "<group>"; };
		DB64F37C22E89DDE00049015 /* event.app */ = {isa = PBXFileReference; explicitFileType = wrapper.application; includeInIndex = 0; path = event.app; sourceTree = BUILT_PRODUCTS_DIR; };
		DB64F37F22E89DDE00049015 /* AppDelegate.swift */ = {isa = PBXFileReference; lastKnownFileType = sourcecode.swift; path = AppDelegate.swift; sourceTree = "<group>"; };
		DB64F38622E89DE100049015 /* Assets.xcassets */ = {isa = PBXFileReference; lastKnownFileType = folder.assetcatalog; path = Assets.xcassets; sourceTree = "<group>"; };
		DB64F38922E89DE100049015 /* Base */ = {isa = PBXFileReference; lastKnownFileType = file.storyboard; name = Base; path = Base.lproj/LaunchScreen.storyboard; sourceTree = "<group>"; };
		DB64F38B22E89DE100049015 /* Info.plist */ = {isa = PBXFileReference; lastKnownFileType = text.plist.xml; path = Info.plist; sourceTree = "<group>"; };
		DB64F39522E8A3F500049015 /* GoogleService-Info.plist */ = {isa = PBXFileReference; fileEncoding = 4; lastKnownFileType = text.plist.xml; path = "GoogleService-Info.plist"; sourceTree = "<group>"; };
		DB64F39722E8AF7900049015 /* Login.storyboard */ = {isa = PBXFileReference; lastKnownFileType = file.storyboard; path = Login.storyboard; sourceTree = "<group>"; };
		DB6D2CCB22F45FBC006901F0 /* Profile.swift */ = {isa = PBXFileReference; lastKnownFileType = sourcecode.swift; path = Profile.swift; sourceTree = "<group>"; };
		DB6D2CCD22F46166006901F0 /* ProfileUseCase.swift */ = {isa = PBXFileReference; lastKnownFileType = sourcecode.swift; path = ProfileUseCase.swift; sourceTree = "<group>"; };
		DB751CF6232121DC00B1914E /* MainViewController.swift */ = {isa = PBXFileReference; lastKnownFileType = sourcecode.swift; path = MainViewController.swift; sourceTree = "<group>"; };
		DBC72DD42327F2E6007BB4CC /* TextFieldMove+Keyboard.swift */ = {isa = PBXFileReference; lastKnownFileType = sourcecode.swift; path = "TextFieldMove+Keyboard.swift"; sourceTree = "<group>"; };
		DBC948A323235FAA005CE048 /* ClientMain.storyboard */ = {isa = PBXFileReference; lastKnownFileType = file.storyboard; path = ClientMain.storyboard; sourceTree = "<group>"; };
		DBC948A5232367F3005CE048 /* ClientProfile.storyboard */ = {isa = PBXFileReference; lastKnownFileType = file.storyboard; path = ClientProfile.storyboard; sourceTree = "<group>"; };
		DBC948A9232369AD005CE048 /* ClientProfileViewController.swift */ = {isa = PBXFileReference; lastKnownFileType = sourcecode.swift; path = ClientProfileViewController.swift; sourceTree = "<group>"; };
		DBD07DE2232A7147007FB318 /* Images.xcassets */ = {isa = PBXFileReference; lastKnownFileType = folder.assetcatalog; path = Images.xcassets; sourceTree = "<group>"; };
		DBF62E7B2325303300DC6E65 /* ClientCollection.swift */ = {isa = PBXFileReference; lastKnownFileType = sourcecode.swift; path = ClientCollection.swift; sourceTree = "<group>"; };
		DBF62E7D2325377800DC6E65 /* ClientDetailViewController.swift */ = {isa = PBXFileReference; lastKnownFileType = sourcecode.swift; path = ClientDetailViewController.swift; sourceTree = "<group>"; };
		DBF63F5B232338F200B5305A /* ChatViewController.swift */ = {isa = PBXFileReference; lastKnownFileType = sourcecode.swift; path = ChatViewController.swift; sourceTree = "<group>"; };
		DBF63F5D2323415200B5305A /* MockMessage.swift */ = {isa = PBXFileReference; lastKnownFileType = sourcecode.swift; path = MockMessage.swift; sourceTree = "<group>"; };
		DBFB2EEA22EBB4C70017C694 /* Login.swift */ = {isa = PBXFileReference; lastKnownFileType = sourcecode.swift; path = Login.swift; sourceTree = "<group>"; };
		DBFC07212324936C0026A3A0 /* ClientProfile.swift */ = {isa = PBXFileReference; lastKnownFileType = sourcecode.swift; path = ClientProfile.swift; sourceTree = "<group>"; };
		DBFC0723232494470026A3A0 /* ClientProfileUseCase.swift */ = {isa = PBXFileReference; lastKnownFileType = sourcecode.swift; path = ClientProfileUseCase.swift; sourceTree = "<group>"; };
		DBFC07272324A8B90026A3A0 /* MainClientListTableViewController.swift */ = {isa = PBXFileReference; lastKnownFileType = sourcecode.swift; path = MainClientListTableViewController.swift; sourceTree = "<group>"; };
		DBFC07292324AC2C0026A3A0 /* UIImageViewController.swift */ = {isa = PBXFileReference; lastKnownFileType = sourcecode.swift; path = UIImageViewController.swift; sourceTree = "<group>"; };
		DBFD3E0723227A1E0072B4E8 /* MainTableViewController.swift */ = {isa = PBXFileReference; lastKnownFileType = sourcecode.swift; path = MainTableViewController.swift; sourceTree = "<group>"; };
		DBFD3E0923227FED0072B4E8 /* Shop.swift */ = {isa = PBXFileReference; lastKnownFileType = sourcecode.swift; path = Shop.swift; sourceTree = "<group>"; };
		DBFD3E0B2322882F0072B4E8 /* ShopSearchViewController.swift */ = {isa = PBXFileReference; lastKnownFileType = sourcecode.swift; path = ShopSearchViewController.swift; sourceTree = "<group>"; };
		DBFD3E0D23228A9E0072B4E8 /* ShopCollection.swift */ = {isa = PBXFileReference; lastKnownFileType = sourcecode.swift; path = ShopCollection.swift; sourceTree = "<group>"; };
		DBFD3E0F23228B390072B4E8 /* ShopUseCase.swift */ = {isa = PBXFileReference; lastKnownFileType = sourcecode.swift; path = ShopUseCase.swift; sourceTree = "<group>"; };
		DBFDB8AE22E9157C009AE68A /* LoginViewController.swift */ = {isa = PBXFileReference; lastKnownFileType = sourcecode.swift; path = LoginViewController.swift; sourceTree = "<group>"; };
		E80021310D19DA559C54699E /* Pods-event.release.xcconfig */ = {isa = PBXFileReference; includeInIndex = 1; lastKnownFileType = text.xcconfig; name = "Pods-event.release.xcconfig"; path = "Target Support Files/Pods-event/Pods-event.release.xcconfig"; sourceTree = "<group>"; };
		FC211BCEDD2AFE78D328A21A /* Pods-event.debug.xcconfig */ = {isa = PBXFileReference; includeInIndex = 1; lastKnownFileType = text.xcconfig; name = "Pods-event.debug.xcconfig"; path = "Target Support Files/Pods-event/Pods-event.debug.xcconfig"; sourceTree = "<group>"; };
/* End PBXFileReference section */

/* Begin PBXFrameworksBuildPhase section */
		DB64F37922E89DDE00049015 /* Frameworks */ = {
			isa = PBXFrameworksBuildPhase;
			buildActionMask = 2147483647;
			files = (
				E79C39BBE3D664C5DB67BCB6 /* Pods_event.framework in Frameworks */,
			);
			runOnlyForDeploymentPostprocessing = 0;
		};
/* End PBXFrameworksBuildPhase section */

/* Begin PBXGroup section */
		0C18E19539D673278EFD80E0 /* Frameworks */ = {
			isa = PBXGroup;
			children = (
				3F5F650445527F761DBC5A73 /* Pods_event.framework */,
			);
			name = Frameworks;
			sourceTree = "<group>";
		};
		9932ADBC2D2486B609CA54D2 /* Pods */ = {
			isa = PBXGroup;
			children = (
				FC211BCEDD2AFE78D328A21A /* Pods-event.debug.xcconfig */,
				E80021310D19DA559C54699E /* Pods-event.release.xcconfig */,
			);
			path = Pods;
			sourceTree = "<group>";
		};
		DB1FAFAC232A8E110052F433 /* New Group */ = {
			isa = PBXGroup;
			children = (
			);
			path = "New Group";
			sourceTree = "<group>";
		};
		DB3E9A8022F52DA00058B08E /* sample(delete) */ = {
			isa = PBXGroup;
			children = (
				DBFB2EEA22EBB4C70017C694 /* Login.swift */,
			);
			path = "sample(delete)";
			sourceTree = "<group>";
		};
		DB64F37322E89DDE00049015 = {
			isa = PBXGroup;
			children = (
				DB64F39522E8A3F500049015 /* GoogleService-Info.plist */,
				DB64F37E22E89DDE00049015 /* event */,
				DB64F37D22E89DDE00049015 /* Products */,
				9932ADBC2D2486B609CA54D2 /* Pods */,
				0C18E19539D673278EFD80E0 /* Frameworks */,
			);
			sourceTree = "<group>";
		};
		DB64F37D22E89DDE00049015 /* Products */ = {
			isa = PBXGroup;
			children = (
				DB64F37C22E89DDE00049015 /* event.app */,
			);
			name = Products;
			sourceTree = "<group>";
		};
		DB64F37E22E89DDE00049015 /* event */ = {
			isa = PBXGroup;
			children = (
				DB3E9A8022F52DA00058B08E /* sample(delete) */,
				DB3D2EC722EB5806007C7DC9 /* event.entitlements */,
				DB64F39422E89F0B00049015 /* Extentions */,
				DB64F39322E89F0400049015 /* Models */,
				DB64F39222E89EE900049015 /* Controllers */,
				DB64F39122E89EA800049015 /* StoryBoards */,
				DB64F37F22E89DDE00049015 /* AppDelegate.swift */,
				DB64F38622E89DE100049015 /* Assets.xcassets */,
				DB64F38822E89DE100049015 /* LaunchScreen.storyboard */,
				DB64F38B22E89DE100049015 /* Info.plist */,
				DBD07DE2232A7147007FB318 /* Images.xcassets */,
			);
			path = event;
			sourceTree = "<group>";
		};
		DB64F39122E89EA800049015 /* StoryBoards */ = {
			isa = PBXGroup;
			children = (
				DB64F39722E8AF7900049015 /* Login.storyboard */,
				DB0A9E3222F56951007D0C92 /* Profile.storyboard */,
				DBC948A5232367F3005CE048 /* ClientProfile.storyboard */,
				DB3E9A7E22F524630058B08E /* Main.storyboard */,
				DBC948A323235FAA005CE048 /* ClientMain.storyboard */,
				DB1FAFAC232A8E110052F433 /* New Group */,
			);
			path = StoryBoards;
			sourceTree = "<group>";
		};
		DB64F39222E89EE900049015 /* Controllers */ = {
			isa = PBXGroup;
			children = (
				DBFDB8AE22E9157C009AE68A /* LoginViewController.swift */,
				DB0AF99D22E9BD81000FABD5 /* ProfileViewController.swift */,
				DBC948A9232369AD005CE048 /* ClientProfileViewController.swift */,
				DBFD3E0723227A1E0072B4E8 /* MainTableViewController.swift */,
				DBFC07272324A8B90026A3A0 /* MainClientListTableViewController.swift */,
				DBF62E7D2325377800DC6E65 /* ClientDetailViewController.swift */,
				DBF63F5B232338F200B5305A /* ChatViewController.swift */,
				DB1F8535232845C50080E348 /* ClientPostTableViewController.swift */,
				DB1F853D23284EDB0080E348 /* ClientPostViewController.swift */,
				DB1FAFA0232A7C480052F433 /* MainTimelineTableViewController.swift */,
				DB1FAFA2232A84270052F433 /* TimeLIneDetailtViewController.swift */,
				DBFD3E0B2322882F0072B4E8 /* ShopSearchViewController.swift */,
				DBF63F5D2323415200B5305A /* MockMessage.swift */,
				DB751CF6232121DC00B1914E /* MainViewController.swift */,
			);
			path = Controllers;
			sourceTree = "<group>";
		};
		DB64F39322E89F0400049015 /* Models */ = {
			isa = PBXGroup;
			children = (
				DB6D2CCB22F45FBC006901F0 /* Profile.swift */,
				DB6D2CCD22F46166006901F0 /* ProfileUseCase.swift */,
				DBFC07212324936C0026A3A0 /* ClientProfile.swift */,
				DBFC0723232494470026A3A0 /* ClientProfileUseCase.swift */,
				DBFD3E0923227FED0072B4E8 /* Shop.swift */,
				DBFD3E0D23228A9E0072B4E8 /* ShopCollection.swift */,
				DBFD3E0F23228B390072B4E8 /* ShopUseCase.swift */,
				DB1FAFA4232A89270052F433 /* Post.swift */,
				DB1FAFA6232A89900052F433 /* PostUseCase.swift */,
				DB1FAFAA232A8D710052F433 /* PostCollection.swift */,
				DB15559D2325111D00453414 /* Client.swift */,
				DB15559B23250C8E00453414 /* ClientUseCase.swift */,
				DBF62E7B2325303300DC6E65 /* ClientCollection.swift */,
				DB1F85372328487B0080E348 /* ClientPost.swift */,
				DB1F85392328494D0080E348 /* ClientPostUseCase.swift */,
				DB1F853B23284B610080E348 /* ClientPostCollection.swift */,
			);
			path = Models;
			sourceTree = "<group>";
		};
		DB64F39422E89F0B00049015 /* Extentions */ = {
			isa = PBXGroup;
			children = (
				DB20702422EB128C00A138E0 /* AlertViewController.swift */,
				DBFC07292324AC2C0026A3A0 /* UIImageViewController.swift */,
				DBC72DD42327F2E6007BB4CC /* TextFieldMove+Keyboard.swift */,
			);
			path = Extentions;
			sourceTree = "<group>";
		};
/* End PBXGroup section */

/* Begin PBXNativeTarget section */
		DB64F37B22E89DDE00049015 /* event */ = {
			isa = PBXNativeTarget;
			buildConfigurationList = DB64F38E22E89DE100049015 /* Build configuration list for PBXNativeTarget "event" */;
			buildPhases = (
				1AAFD918935088861C74D6BA /* [CP] Check Pods Manifest.lock */,
				DB64F37822E89DDE00049015 /* Sources */,
				DB64F37922E89DDE00049015 /* Frameworks */,
				DB64F37A22E89DDE00049015 /* Resources */,
				93CBC944F888F40170B62D20 /* [CP] Embed Pods Frameworks */,
				08A9F8F08BDD070D29EADA45 /* [CP] Copy Pods Resources */,
			);
			buildRules = (
			);
			dependencies = (
			);
			name = event;
			productName = event;
			productReference = DB64F37C22E89DDE00049015 /* event.app */;
			productType = "com.apple.product-type.application";
		};
/* End PBXNativeTarget section */

/* Begin PBXProject section */
		DB64F37422E89DDE00049015 /* Project object */ = {
			isa = PBXProject;
			attributes = {
				LastSwiftUpdateCheck = 1020;
				LastUpgradeCheck = 1020;
				ORGANIZATIONNAME = yuichi;
				TargetAttributes = {
					DB64F37B22E89DDE00049015 = {
						CreatedOnToolsVersion = 10.2.1;
						SystemCapabilities = {
							com.apple.Keychain = {
								enabled = 1;
							};
						};
					};
				};
			};
			buildConfigurationList = DB64F37722E89DDE00049015 /* Build configuration list for PBXProject "event" */;
			compatibilityVersion = "Xcode 9.3";
			developmentRegion = en;
			hasScannedForEncodings = 0;
			knownRegions = (
				en,
				Base,
			);
			mainGroup = DB64F37322E89DDE00049015;
			productRefGroup = DB64F37D22E89DDE00049015 /* Products */;
			projectDirPath = "";
			projectRoot = "";
			targets = (
				DB64F37B22E89DDE00049015 /* event */,
			);
		};
/* End PBXProject section */

/* Begin PBXResourcesBuildPhase section */
		DB64F37A22E89DDE00049015 /* Resources */ = {
			isa = PBXResourcesBuildPhase;
			buildActionMask = 2147483647;
			files = (
				DBD07DE3232A7147007FB318 /* Images.xcassets in Resources */,
				DB0A9E3322F56951007D0C92 /* Profile.storyboard in Resources */,
				DBC948A423235FAA005CE048 /* ClientMain.storyboard in Resources */,
				DB64F38A22E89DE100049015 /* LaunchScreen.storyboard in Resources */,
				DB3E9A7F22F524630058B08E /* Main.storyboard in Resources */,
				DB64F39622E8A3F500049015 /* GoogleService-Info.plist in Resources */,
				DB64F38722E89DE100049015 /* Assets.xcassets in Resources */,
				DB64F39822E8AF7900049015 /* Login.storyboard in Resources */,
				DBC948A6232367F3005CE048 /* ClientProfile.storyboard in Resources */,
			);
			runOnlyForDeploymentPostprocessing = 0;
		};
/* End PBXResourcesBuildPhase section */

/* Begin PBXShellScriptBuildPhase section */
		08A9F8F08BDD070D29EADA45 /* [CP] Copy Pods Resources */ = {
			isa = PBXShellScriptBuildPhase;
			buildActionMask = 2147483647;
			files = (
			);
			inputFileListPaths = (
				"${PODS_ROOT}/Target Support Files/Pods-event/Pods-event-resources-${CONFIGURATION}-input-files.xcfilelist",
			);
			name = "[CP] Copy Pods Resources";
			outputFileListPaths = (
				"${PODS_ROOT}/Target Support Files/Pods-event/Pods-event-resources-${CONFIGURATION}-output-files.xcfilelist",
			);
			runOnlyForDeploymentPostprocessing = 0;
			shellPath = /bin/sh;
			shellScript = "\"${PODS_ROOT}/Target Support Files/Pods-event/Pods-event-resources.sh\"\n";
			showEnvVarsInLog = 0;
		};
		1AAFD918935088861C74D6BA /* [CP] Check Pods Manifest.lock */ = {
			isa = PBXShellScriptBuildPhase;
			buildActionMask = 2147483647;
			files = (
			);
			inputFileListPaths = (
			);
			inputPaths = (
				"${PODS_PODFILE_DIR_PATH}/Podfile.lock",
				"${PODS_ROOT}/Manifest.lock",
			);
			name = "[CP] Check Pods Manifest.lock";
			outputFileListPaths = (
			);
			outputPaths = (
				"$(DERIVED_FILE_DIR)/Pods-event-checkManifestLockResult.txt",
			);
			runOnlyForDeploymentPostprocessing = 0;
			shellPath = /bin/sh;
			shellScript = "diff \"${PODS_PODFILE_DIR_PATH}/Podfile.lock\" \"${PODS_ROOT}/Manifest.lock\" > /dev/null\nif [ $? != 0 ] ; then\n    # print error to STDERR\n    echo \"error: The sandbox is not in sync with the Podfile.lock. Run 'pod install' or update your CocoaPods installation.\" >&2\n    exit 1\nfi\n# This output is used by Xcode 'outputs' to avoid re-running this script phase.\necho \"SUCCESS\" > \"${SCRIPT_OUTPUT_FILE_0}\"\n";
			showEnvVarsInLog = 0;
		};
		93CBC944F888F40170B62D20 /* [CP] Embed Pods Frameworks */ = {
			isa = PBXShellScriptBuildPhase;
			buildActionMask = 2147483647;
			files = (
			);
			inputFileListPaths = (
				"${PODS_ROOT}/Target Support Files/Pods-event/Pods-event-frameworks-${CONFIGURATION}-input-files.xcfilelist",
			);
			name = "[CP] Embed Pods Frameworks";
			outputFileListPaths = (
				"${PODS_ROOT}/Target Support Files/Pods-event/Pods-event-frameworks-${CONFIGURATION}-output-files.xcfilelist",
			);
			runOnlyForDeploymentPostprocessing = 0;
			shellPath = /bin/sh;
			shellScript = "\"${PODS_ROOT}/Target Support Files/Pods-event/Pods-event-frameworks.sh\"\n";
			showEnvVarsInLog = 0;
		};
/* End PBXShellScriptBuildPhase section */

/* Begin PBXSourcesBuildPhase section */
		DB64F37822E89DDE00049015 /* Sources */ = {
			isa = PBXSourcesBuildPhase;
			buildActionMask = 2147483647;
			files = (
				DB0AF99E22E9BD81000FABD5 /* ProfileViewController.swift in Sources */,
				DB1FAFA3232A84270052F433 /* TimeLIneDetailtViewController.swift in Sources */,
				DBC948AA232369AD005CE048 /* ClientProfileViewController.swift in Sources */,
				DB6D2CCC22F45FBC006901F0 /* Profile.swift in Sources */,
				DB15559C23250C8E00453414 /* ClientUseCase.swift in Sources */,
				DB15559E2325111D00453414 /* Client.swift in Sources */,
				DBFB2EEB22EBB4C70017C694 /* Login.swift in Sources */,
				DBFC07222324936C0026A3A0 /* ClientProfile.swift in Sources */,
				DBFD3E0A23227FED0072B4E8 /* Shop.swift in Sources */,
				DB1F853A2328494D0080E348 /* ClientPostUseCase.swift in Sources */,
				DBFC072A2324AC2C0026A3A0 /* UIImageViewController.swift in Sources */,
				DBFDB8AF22E9157C009AE68A /* LoginViewController.swift in Sources */,
				DB1FAFA5232A89270052F433 /* Post.swift in Sources */,
				DBFD3E1023228B390072B4E8 /* ShopUseCase.swift in Sources */,
				DBF63F5E2323415200B5305A /* MockMessage.swift in Sources */,
				DB1FAFAB232A8D710052F433 /* PostCollection.swift in Sources */,
				DBFD3E0823227A1E0072B4E8 /* MainTableViewController.swift in Sources */,
				DBF62E7C2325303300DC6E65 /* ClientCollection.swift in Sources */,
				DB1F853E23284EDB0080E348 /* ClientPostViewController.swift in Sources */,
				DB1F8536232845C50080E348 /* ClientPostTableViewController.swift in Sources */,
				DBFC0724232494470026A3A0 /* ClientProfileUseCase.swift in Sources */,
				DB1FAFA1232A7C480052F433 /* MainTimelineTableViewController.swift in Sources */,
				DB64F38022E89DDE00049015 /* AppDelegate.swift in Sources */,
				DBF62E7E2325377800DC6E65 /* ClientDetailViewController.swift in Sources */,
				DB6D2CCE22F46166006901F0 /* ProfileUseCase.swift in Sources */,
				DB20702522EB128C00A138E0 /* AlertViewController.swift in Sources */,
				DBF63F5C232338F200B5305A /* ChatViewController.swift in Sources */,
				DBFD3E0E23228A9E0072B4E8 /* ShopCollection.swift in Sources */,
				DBFD3E0C2322882F0072B4E8 /* ShopSearchViewController.swift in Sources */,
				DB751CF7232121DC00B1914E /* MainViewController.swift in Sources */,
				DBC72DD52327F2E6007BB4CC /* TextFieldMove+Keyboard.swift in Sources */,
				DB1F85382328487B0080E348 /* ClientPost.swift in Sources */,
				DB1FAFA7232A89900052F433 /* PostUseCase.swift in Sources */,
				DBFC07282324A8B90026A3A0 /* MainClientListTableViewController.swift in Sources */,
				DB1F853C23284B610080E348 /* ClientPostCollection.swift in Sources */,
			);
			runOnlyForDeploymentPostprocessing = 0;
		};
/* End PBXSourcesBuildPhase section */

/* Begin PBXVariantGroup section */
		DB64F38822E89DE100049015 /* LaunchScreen.storyboard */ = {
			isa = PBXVariantGroup;
			children = (
				DB64F38922E89DE100049015 /* Base */,
			);
			name = LaunchScreen.storyboard;
			sourceTree = "<group>";
		};
/* End PBXVariantGroup section */

/* Begin XCBuildConfiguration section */
		DB64F38C22E89DE100049015 /* Debug */ = {
			isa = XCBuildConfiguration;
			buildSettings = {
				ALWAYS_SEARCH_USER_PATHS = NO;
				CLANG_ANALYZER_NONNULL = YES;
				CLANG_ANALYZER_NUMBER_OBJECT_CONVERSION = YES_AGGRESSIVE;
				CLANG_CXX_LANGUAGE_STANDARD = "gnu++14";
				CLANG_CXX_LIBRARY = "libc++";
				CLANG_ENABLE_MODULES = YES;
				CLANG_ENABLE_OBJC_ARC = YES;
				CLANG_ENABLE_OBJC_WEAK = YES;
				CLANG_WARN_BLOCK_CAPTURE_AUTORELEASING = YES;
				CLANG_WARN_BOOL_CONVERSION = YES;
				CLANG_WARN_COMMA = YES;
				CLANG_WARN_CONSTANT_CONVERSION = YES;
				CLANG_WARN_DEPRECATED_OBJC_IMPLEMENTATIONS = YES;
				CLANG_WARN_DIRECT_OBJC_ISA_USAGE = YES_ERROR;
				CLANG_WARN_DOCUMENTATION_COMMENTS = YES;
				CLANG_WARN_EMPTY_BODY = YES;
				CLANG_WARN_ENUM_CONVERSION = YES;
				CLANG_WARN_INFINITE_RECURSION = YES;
				CLANG_WARN_INT_CONVERSION = YES;
				CLANG_WARN_NON_LITERAL_NULL_CONVERSION = YES;
				CLANG_WARN_OBJC_IMPLICIT_RETAIN_SELF = YES;
				CLANG_WARN_OBJC_LITERAL_CONVERSION = YES;
				CLANG_WARN_OBJC_ROOT_CLASS = YES_ERROR;
				CLANG_WARN_RANGE_LOOP_ANALYSIS = YES;
				CLANG_WARN_STRICT_PROTOTYPES = YES;
				CLANG_WARN_SUSPICIOUS_MOVE = YES;
				CLANG_WARN_UNGUARDED_AVAILABILITY = YES_AGGRESSIVE;
				CLANG_WARN_UNREACHABLE_CODE = YES;
				CLANG_WARN__DUPLICATE_METHOD_MATCH = YES;
				CODE_SIGN_IDENTITY = "iPhone Developer";
				COPY_PHASE_STRIP = NO;
				DEBUG_INFORMATION_FORMAT = dwarf;
				ENABLE_STRICT_OBJC_MSGSEND = YES;
				ENABLE_TESTABILITY = YES;
				GCC_C_LANGUAGE_STANDARD = gnu11;
				GCC_DYNAMIC_NO_PIC = NO;
				GCC_NO_COMMON_BLOCKS = YES;
				GCC_OPTIMIZATION_LEVEL = 0;
				GCC_PREPROCESSOR_DEFINITIONS = (
					"DEBUG=1",
					"$(inherited)",
				);
				GCC_WARN_64_TO_32_BIT_CONVERSION = YES;
				GCC_WARN_ABOUT_RETURN_TYPE = YES_ERROR;
				GCC_WARN_UNDECLARED_SELECTOR = YES;
				GCC_WARN_UNINITIALIZED_AUTOS = YES_AGGRESSIVE;
				GCC_WARN_UNUSED_FUNCTION = YES;
				GCC_WARN_UNUSED_VARIABLE = YES;
				IPHONEOS_DEPLOYMENT_TARGET = 12.2;
				MTL_ENABLE_DEBUG_INFO = INCLUDE_SOURCE;
				MTL_FAST_MATH = YES;
				ONLY_ACTIVE_ARCH = YES;
				SDKROOT = iphoneos;
				SWIFT_ACTIVE_COMPILATION_CONDITIONS = DEBUG;
				SWIFT_OPTIMIZATION_LEVEL = "-Onone";
			};
			name = Debug;
		};
		DB64F38D22E89DE100049015 /* Release */ = {
			isa = XCBuildConfiguration;
			buildSettings = {
				ALWAYS_SEARCH_USER_PATHS = NO;
				CLANG_ANALYZER_NONNULL = YES;
				CLANG_ANALYZER_NUMBER_OBJECT_CONVERSION = YES_AGGRESSIVE;
				CLANG_CXX_LANGUAGE_STANDARD = "gnu++14";
				CLANG_CXX_LIBRARY = "libc++";
				CLANG_ENABLE_MODULES = YES;
				CLANG_ENABLE_OBJC_ARC = YES;
				CLANG_ENABLE_OBJC_WEAK = YES;
				CLANG_WARN_BLOCK_CAPTURE_AUTORELEASING = YES;
				CLANG_WARN_BOOL_CONVERSION = YES;
				CLANG_WARN_COMMA = YES;
				CLANG_WARN_CONSTANT_CONVERSION = YES;
				CLANG_WARN_DEPRECATED_OBJC_IMPLEMENTATIONS = YES;
				CLANG_WARN_DIRECT_OBJC_ISA_USAGE = YES_ERROR;
				CLANG_WARN_DOCUMENTATION_COMMENTS = YES;
				CLANG_WARN_EMPTY_BODY = YES;
				CLANG_WARN_ENUM_CONVERSION = YES;
				CLANG_WARN_INFINITE_RECURSION = YES;
				CLANG_WARN_INT_CONVERSION = YES;
				CLANG_WARN_NON_LITERAL_NULL_CONVERSION = YES;
				CLANG_WARN_OBJC_IMPLICIT_RETAIN_SELF = YES;
				CLANG_WARN_OBJC_LITERAL_CONVERSION = YES;
				CLANG_WARN_OBJC_ROOT_CLASS = YES_ERROR;
				CLANG_WARN_RANGE_LOOP_ANALYSIS = YES;
				CLANG_WARN_STRICT_PROTOTYPES = YES;
				CLANG_WARN_SUSPICIOUS_MOVE = YES;
				CLANG_WARN_UNGUARDED_AVAILABILITY = YES_AGGRESSIVE;
				CLANG_WARN_UNREACHABLE_CODE = YES;
				CLANG_WARN__DUPLICATE_METHOD_MATCH = YES;
				CODE_SIGN_IDENTITY = "iPhone Developer";
				COPY_PHASE_STRIP = NO;
				DEBUG_INFORMATION_FORMAT = "dwarf-with-dsym";
				ENABLE_NS_ASSERTIONS = NO;
				ENABLE_STRICT_OBJC_MSGSEND = YES;
				GCC_C_LANGUAGE_STANDARD = gnu11;
				GCC_NO_COMMON_BLOCKS = YES;
				GCC_WARN_64_TO_32_BIT_CONVERSION = YES;
				GCC_WARN_ABOUT_RETURN_TYPE = YES_ERROR;
				GCC_WARN_UNDECLARED_SELECTOR = YES;
				GCC_WARN_UNINITIALIZED_AUTOS = YES_AGGRESSIVE;
				GCC_WARN_UNUSED_FUNCTION = YES;
				GCC_WARN_UNUSED_VARIABLE = YES;
				IPHONEOS_DEPLOYMENT_TARGET = 12.2;
				MTL_ENABLE_DEBUG_INFO = NO;
				MTL_FAST_MATH = YES;
				SDKROOT = iphoneos;
				SWIFT_COMPILATION_MODE = wholemodule;
				SWIFT_OPTIMIZATION_LEVEL = "-O";
				VALIDATE_PRODUCT = YES;
			};
			name = Release;
		};
		DB64F38F22E89DE100049015 /* Debug */ = {
			isa = XCBuildConfiguration;
			baseConfigurationReference = FC211BCEDD2AFE78D328A21A /* Pods-event.debug.xcconfig */;
			buildSettings = {
				ASSETCATALOG_COMPILER_APPICON_NAME = AppIcon;
				ASSETCATALOG_COMPILER_LAUNCHIMAGE_NAME = LaunchImage;
				CODE_SIGN_ENTITLEMENTS = event/event.entitlements;
				CODE_SIGN_STYLE = Automatic;
				DEVELOPMENT_TEAM = Q4HYG8M7C7;
				INFOPLIST_FILE = event/Info.plist;
				IPHONEOS_DEPLOYMENT_TARGET = 12.0;
				LD_RUNPATH_SEARCH_PATHS = (
					"$(inherited)",
					"@executable_path/Frameworks",
				);
				PRODUCT_BUNDLE_IDENTIFIER = "jp.favorite-app";
				PRODUCT_NAME = "$(TARGET_NAME)";
				SWIFT_VERSION = 5.0;
				TARGETED_DEVICE_FAMILY = "1,2";
			};
			name = Debug;
		};
		DB64F39022E89DE100049015 /* Release */ = {
			isa = XCBuildConfiguration;
			baseConfigurationReference = E80021310D19DA559C54699E /* Pods-event.release.xcconfig */;
			buildSettings = {
				ASSETCATALOG_COMPILER_APPICON_NAME = AppIcon;
				ASSETCATALOG_COMPILER_LAUNCHIMAGE_NAME = LaunchImage;
				CODE_SIGN_ENTITLEMENTS = event/event.entitlements;
				CODE_SIGN_STYLE = Automatic;
				DEVELOPMENT_TEAM = Q4HYG8M7C7;
				INFOPLIST_FILE = event/Info.plist;
				IPHONEOS_DEPLOYMENT_TARGET = 12.0;
				LD_RUNPATH_SEARCH_PATHS = (
					"$(inherited)",
					"@executable_path/Frameworks",
				);
				PRODUCT_BUNDLE_IDENTIFIER = "jp.favorite-app";
				PRODUCT_NAME = "$(TARGET_NAME)";
				SWIFT_VERSION = 5.0;
				TARGETED_DEVICE_FAMILY = "1,2";
			};
			name = Release;
		};
/* End XCBuildConfiguration section */

/* Begin XCConfigurationList section */
		DB64F37722E89DDE00049015 /* Build configuration list for PBXProject "event" */ = {
			isa = XCConfigurationList;
			buildConfigurations = (
				DB64F38C22E89DE100049015 /* Debug */,
				DB64F38D22E89DE100049015 /* Release */,
			);
			defaultConfigurationIsVisible = 0;
			defaultConfigurationName = Release;
		};
		DB64F38E22E89DE100049015 /* Build configuration list for PBXNativeTarget "event" */ = {
			isa = XCConfigurationList;
			buildConfigurations = (
				DB64F38F22E89DE100049015 /* Debug */,
				DB64F39022E89DE100049015 /* Release */,
			);
			defaultConfigurationIsVisible = 0;
			defaultConfigurationName = Release;
		};
/* End XCConfigurationList section */
	};
	rootObject = DB64F37422E89DDE00049015 /* Project object */;
}
